
Microsoft Visual Studio Solution File, Format Version 12.00
# Visual Studio Version 17
VisualStudioVersion = 17.2.32210.308
MinimumVisualStudioVersion = 10.0.40219.1
Project("{9A19103F-16F7-4668-BE54-9A1E7A4F7556}") = "NicehashExporter", "NicehashExporter\NicehashExporter.csproj", "{F67C60C3-2A36-4D3F-B9FE-658B3B73B4E6}"
EndProject
Project("{9A19103F-16F7-4668-BE54-9A1E7A4F7556}") = "MetricsGenerator", "MetricsGenerator\MetricsGenerator.csproj", "{5036259D-CD9A-4DBC-B3E0-89B8EBFD89B0}"
EndProject
Global
	GlobalSection(SolutionConfigurationPlatforms) = preSolution
		Debug|Any CPU = Debug|Any CPU
		Release|Any CPU = Release|Any CPU
	EndGlobalSection
	GlobalSection(ProjectConfigurationPlatforms) = postSolution
		{F67C60C3-2A36-4D3F-B9FE-658B3B73B4E6}.Debug|Any CPU.ActiveCfg = Debug|Any CPU
		{F67C60C3-2A36-4D3F-B9FE-658B3B73B4E6}.Debug|Any CPU.Build.0 = Debug|Any CPU
		{F67C60C3-2A36-4D3F-B9FE-658B3B73B4E6}.Release|Any CPU.ActiveCfg = Release|Any CPU
		{F67C60C3-2A36-4D3F-B9FE-658B3B73B4E6}.Release|Any CPU.Build.0 = Release|Any CPU
		{5036259D-CD9A-4DBC-B3E0-89B8EBFD89B0}.Debug|Any CPU.ActiveCfg = Debug|Any CPU
		{5036259D-CD9A-4DBC-B3E0-89B8EBFD89B0}.Debug|Any CPU.Build.0 = Debug|Any CPU
		{5036259D-CD9A-4DBC-B3E0-89B8EBFD89B0}.Release|Any CPU.ActiveCfg = Release|Any CPU
		{5036259D-CD9A-4DBC-B3E0-89B8EBFD89B0}.Release|Any CPU.Build.0 = Release|Any CPU
	EndGlobalSection
	GlobalSection(SolutionProperties) = preSolution
		HideSolutionNode = FALSE
	EndGlobalSection
	GlobalSection(ExtensibilityGlobals) = postSolution
		SolutionGuid = {0D599A4E-53B1-463A-8D99-2157462F143A}
	EndGlobalSection
EndGlobal
